
Microsoft Visual Studio Solution File, Format Version 12.00
# Visual Studio 14
VisualStudioVersion = 14.0.24720.0
MinimumVisualStudioVersion = 10.0.40219.1
Project("{FAE04EC0-301F-11D3-BF4B-00C04F79EFBC}") = "OfficeAdmin.Data", "OfficeAdmin.Data\OfficeAdmin.Data.csproj", "{DA603DD2-A657-48FC-9805-A0AE04973066}"
EndProject
Project("{FAE04EC0-301F-11D3-BF4B-00C04F79EFBC}") = "OfficeAdmin.Service", "OfficeAdmin.Service\OfficeAdmin.Service.csproj", "{EA21CBC7-2150-4F85-9645-AB1A9FDD9E06}"
EndProject
Project("{FAE04EC0-301F-11D3-BF4B-00C04F79EFBC}") = "OfficeAdmin.Web", "OfficeAdmin.Web\OfficeAdmin.Web.csproj", "{E92875A0-B5F5-4E7A-A71B-F4A9097D29B6}"
EndProject
Project("{FAE04EC0-301F-11D3-BF4B-00C04F79EFBC}") = "OfficeAdmin.Business", "OfficeAdmin.Business\OfficeAdmin.Business.csproj", "{4209CE0D-B41C-4A60-A558-65DBC7741F68}"
EndProject
Project("{FAE04EC0-301F-11D3-BF4B-00C04F79EFBC}") = "OfficeAdmin.UnitTest", "OfficeAdmin.UnitTest\OfficeAdmin.UnitTest.csproj", "{4C73A729-F8DF-4D50-A80E-1D88EF92D804}"
EndProject
Global
	GlobalSection(SolutionConfigurationPlatforms) = preSolution
		Debug|Any CPU = Debug|Any CPU
		Release|Any CPU = Release|Any CPU
	EndGlobalSection
	GlobalSection(ProjectConfigurationPlatforms) = postSolution
		{DA603DD2-A657-48FC-9805-A0AE04973066}.Debug|Any CPU.ActiveCfg = Debug|Any CPU
		{DA603DD2-A657-48FC-9805-A0AE04973066}.Debug|Any CPU.Build.0 = Debug|Any CPU
		{DA603DD2-A657-48FC-9805-A0AE04973066}.Release|Any CPU.ActiveCfg = Release|Any CPU
		{DA603DD2-A657-48FC-9805-A0AE04973066}.Release|Any CPU.Build.0 = Release|Any CPU
		{EA21CBC7-2150-4F85-9645-AB1A9FDD9E06}.Debug|Any CPU.ActiveCfg = Debug|Any CPU
		{EA21CBC7-2150-4F85-9645-AB1A9FDD9E06}.Debug|Any CPU.Build.0 = Debug|Any CPU
		{EA21CBC7-2150-4F85-9645-AB1A9FDD9E06}.Release|Any CPU.ActiveCfg = Release|Any CPU
		{EA21CBC7-2150-4F85-9645-AB1A9FDD9E06}.Release|Any CPU.Build.0 = Release|Any CPU
		{E92875A0-B5F5-4E7A-A71B-F4A9097D29B6}.Debug|Any CPU.ActiveCfg = Debug|Any CPU
		{E92875A0-B5F5-4E7A-A71B-F4A9097D29B6}.Debug|Any CPU.Build.0 = Debug|Any CPU
		{E92875A0-B5F5-4E7A-A71B-F4A9097D29B6}.Release|Any CPU.ActiveCfg = Release|Any CPU
		{E92875A0-B5F5-4E7A-A71B-F4A9097D29B6}.Release|Any CPU.Build.0 = Release|Any CPU
		{4209CE0D-B41C-4A60-A558-65DBC7741F68}.Debug|Any CPU.ActiveCfg = Debug|Any CPU
		{4209CE0D-B41C-4A60-A558-65DBC7741F68}.Debug|Any CPU.Build.0 = Debug|Any CPU
		{4209CE0D-B41C-4A60-A558-65DBC7741F68}.Release|Any CPU.ActiveCfg = Release|Any CPU
		{4209CE0D-B41C-4A60-A558-65DBC7741F68}.Release|Any CPU.Build.0 = Release|Any CPU
		{4C73A729-F8DF-4D50-A80E-1D88EF92D804}.Debug|Any CPU.ActiveCfg = Debug|Any CPU
		{4C73A729-F8DF-4D50-A80E-1D88EF92D804}.Debug|Any CPU.Build.0 = Debug|Any CPU
		{4C73A729-F8DF-4D50-A80E-1D88EF92D804}.Release|Any CPU.ActiveCfg = Release|Any CPU
		{4C73A729-F8DF-4D50-A80E-1D88EF92D804}.Release|Any CPU.Build.0 = Release|Any CPU
	EndGlobalSection
	GlobalSection(SolutionProperties) = preSolution
		HideSolutionNode = FALSE
	EndGlobalSection
EndGlobal
